# This file was autogenerated by Stack.
# You should not edit this file by hand.
# For more information, please see the documentation at:
#   https://docs.haskellstack.org/en/stable/lock_files

packages:
- completed:
    hackage: cli-arguments-0.7.0.0@sha256:1b97e10e295763eaf67d6767177d8a3c89d9957a8debfe393eb19d1dbea3c048,1159
    pantry-tree:
      sha256: 5ea6cc776b53d9483b0af0d6cb01009c8110b9ebf95527f6d928a0be977f0d5b
      size: 518
  original:
    hackage: cli-arguments-0.7.0.0
- completed:
    hackage: intermediate-structures-0.1.2.0@sha256:a250a09a077a4b2f32487c2ad7bd7b6bcd972a2bd45bb59d1d566ad36bd240c2,1107
    pantry-tree:
      sha256: 49a3b4550f50976e884db0b7180c3a4739e791f66e91427c8d2ba9cafa76f7e7
      size: 293
  original:
    hackage: intermediate-structures-0.1.2.0
- completed:
    hackage: lists-flines-0.1.3.0@sha256:338d07ba9aa885b7eb73523b48820ddeb458c6b6be0cdc393b76a02b3c086055,1023
    pantry-tree:
      sha256: 669a81e3f0d81733c95c8166d38f51f8b8044abad840b46507ca1cb93e6bdfc1
      size: 269
  original:
    hackage: lists-flines-0.1.3.0
- completed:
    hackage: minmax-0.1.1.0@sha256:012e8d799398547b2fef5c3e3619c5b41d21ba61a52745afcc148248061d0c63,1175
    pantry-tree:
      sha256: f66f8efa641a958d89095b342b94d9d56fe31944e96d0a0b05ec6a5ec2dc61f0
      size: 306
  original:
    hackage: minmax-0.1.1.0
- completed:
    hackage: mmsyn2-array-0.3.1.1@sha256:c55b9057b075af11e44c66db7db200ec249d980bd4b09f4d4ad1b2ac58ced096,1276
    pantry-tree:
      sha256: 918b9f911916f1e2724851e759f5e5adac670fbe5c375e822ae519d2dc8c7838
      size: 263
  original:
    hackage: mmsyn2-array-0.3.1.1
- completed:
    hackage: monoid-insertleft-0.1.0.1@sha256:6cd3d72f8f8986d18cd2c533800f0af7b659ecb6407dab827666989dc980d43a,1287
    pantry-tree:
      sha256: 0315172178645badfbb22f6abac38831559203c63193a8fe3ac8a73ccde3390a
      size: 387
  original:
    hackage: monoid-insertleft-0.1.0.1
- completed:
    hackage: quantizer-0.4.0.0@sha256:9a5585955cdfc01a269aba7cba70646da21e8ddb23f3a06dcfb40c2d7f682b2b,1080
    pantry-tree:
      sha256: 8d426336ce7cd49d4947f7140fe2e0c204231e9cc6de9e13d3273f8e166a3963
      size: 382
  original:
    hackage: quantizer-0.4.0.0
- completed:
    hackage: rev-scientific-0.2.1.0@sha256:8b5477274cbc3771773f74f26c875f05ff850b6677824b8066432488bc14962d,1297
    pantry-tree:
      sha256: a9c55717b57b2a127575d0cb634f4cfbbd9fa31e2c0cee72de3d981ca4510ccf
      size: 279
  original:
    hackage: rev-scientific-0.2.1.0
- completed:
    hackage: rhythmic-sequences-0.8.0.0@sha256:23ae69c8466302fe54c845d6c451f5e1e8f55da9213a482e26a96b0a26f19cde,1947
    pantry-tree:
      sha256: 4c738becfbcae226b1a0ef8c8141e3855bed962ea0fd70606223e6be0272782a
      size: 355
  original:
    hackage: rhythmic-sequences-0.8.0.0
- completed:
    hackage: uniqueness-periods-vector-stats-0.4.0.0@sha256:da62c6978712327d24a327ad271479fa0a5955df0e24bdcf5956ad46cd8a4c6c,1087
    pantry-tree:
      sha256: faaeb671fc4df73961c8aff2bb031a6a26d9a3538f6cfb1d13d5dae69f7abd78
      size: 285
  original:
    hackage: uniqueness-periods-vector-stats-0.4.0.0
snapshots:
- completed:
    sha256: 5a59b2a405b3aba3c00188453be172b85893cab8ebc352b1ef58b0eae5d248a2
    size: 650475
    url: https://raw.githubusercontent.com/commercialhaskell/stackage-snapshots/master/lts/20/26.yaml
  original: lts-20.26
